<?xml version="1.0" encoding="utf-8"?>
<Project ToolsVersion="4.0" xmlns="http://schemas.microsoft.com/developer/msbuild/2003">
  <ItemGroup>
    <Filter Include="Source Files">
      <UniqueIdentifier>{4FC737F1-C7A5-4376-A066-2A32D752A2FF}</UniqueIdentifier>
      <Extensions>cpp;c;cc;cxx;def;odl;idl;hpj;bat;asm;asmx</Extensions>
    </Filter>
    <Filter Include="Header Files">
      <UniqueIdentifier>{93995380-89BD-4b04-88EB-625FBE52EBFB}</UniqueIdentifier>
      <Extensions>h;hh;hpp;hxx;hm;inl;inc;xsd</Extensions>
    </Filter>
    <Filter Include="Resource Files">
      <UniqueIdentifier>{67DA6AB6-F800-4c08-8B7A-83BB121AAD01}</UniqueIdentifier>
      <Extensions>rc;ico;cur;bmp;dlg;rc2;rct;bin;rgs;gif;jpg;jpeg;jpe;resx;tiff;tif;png;wav;mfcribbon-ms</Extensions>
    </Filter>
  </ItemGroup>
  <ItemGroup>
    <ClCompile Include="main.cpp">
      <Filter>Source Files</Filter>
    </ClCompile>
    <ClCompile Include="MainWindow.cpp">
      <Filter>Source Files</Filter>
    </ClCompile>
    <ClCompile Include="ShaderProgram.cpp">
      <Filter>Source Files</Filter>
    </ClCompile>
    <ClCompile Include="Shader.cpp">
      <Filter>Source Files</Filter>
    </ClCompile>
    <ClCompile Include="ScreenQuad.cpp">
      <Filter>Source Files</Filter>
    </ClCompile>
    <ClCompile Include="SimpleMesh.cpp">
      <Filter>Source Files</Filter>
    </ClCompile>
    <ClCompile Include="Cube.cpp">
      <Filter>Source Files</Filter>
    </ClCompile>
    <ClCompile Include="WireframeCube.cpp">
      <Filter>Source Files</Filter>
    </ClCompile>
    <ClCompile Include="CellularAutomaton.cpp">
      <Filter>Source Files</Filter>
    </ClCompile>
    <ClCompile Include="ColorGradient.cpp">
      <Filter>Source Files</Filter>
    </ClCompile>
  </ItemGroup>
  <ItemGroup>
    <ClInclude Include="MainWindow.h">
      <Filter>Header Files</Filter>
    </ClInclude>
    <ClInclude Include="ShaderProgram.h">
      <Filter>Header Files</Filter>
    </ClInclude>
    <ClInclude Include="Shader.h">
      <Filter>Header Files</Filter>
    </ClInclude>
    <ClInclude Include="ScreenQuad.h">
      <Filter>Header Files</Filter>
    </ClInclude>
    <ClInclude Include="SimpleMesh.h">
      <Filter>Header Files</Filter>
    </ClInclude>
    <ClInclude Include="Cube.h">
      <Filter>Header Files</Filter>
    </ClInclude>
    <ClInclude Include="WireframeCube.h">
      <Filter>Header Files</Filter>
    </ClInclude>
    <ClInclude Include="CellularAutomaton.h">
      <Filter>Header Files</Filter>
    </ClInclude>
    <ClInclude Include="Mat3D.h">
      <Filter>Header Files</Filter>
    </ClInclude>
    <ClInclude Include="cudahelper.h">
      <Filter>Header Files</Filter>
    </ClInclude>
    <ClInclude Include="ColorGradient.h">
      <Filter>Header Files</Filter>
    </ClInclude>
  </ItemGroup>
  <ItemGroup>
    <None Include="fragmentshader.glsl">
      <Filter>Resource Files</Filter>
    </None>
    <None Include="vertexshader.glsl">
      <Filter>Resource Files</Filter>
    </None>
    <None Include="ShaderProgram.inl">
      <Filter>Header Files</Filter>
    </None>
    <None Include="geometryshader_triangles.glsl">
      <Filter>Resource Files</Filter>
    </None>
    <None Include="geometryshader_lines.glsl">
      <Filter>Resource Files</Filter>
    </None>
    <None Include="Mat3D.inl">
      <Filter>Header Files</Filter>
    </None>
    <None Include="boundingcube_vertexshader.glsl">
      <Filter>Resource Files</Filter>
    </None>
    <None Include="settings.ini">
      <Filter>Resource Files</Filter>
    </None>
  </ItemGroup>
  <ItemGroup>
    <CudaCompile Include="kernel.cu">
      <Filter>Source Files</Filter>
    </CudaCompile>
    <CudaCompile Include="cudahelper.cpp">
      <Filter>Source Files</Filter>
    </CudaCompile>
  </ItemGroup>
</Project>